
Microsoft Visual Studio Solution File, Format Version 12.00
# Visual Studio Version 16
VisualStudioVersion = 16.0.30907.101
MinimumVisualStudioVersion = 10.0.40219.1
Project("{FAE04EC0-301F-11D3-BF4B-00C04F79EFBC}") = "UploadFilesToServerTools", "UploadFilesToServerTools\UploadFilesToServerTools.csproj", "{FFC74633-1D58-45A3-9BB0-DD952318FF8F}"
EndProject
Global
	GlobalSection(SolutionConfigurationPlatforms) = preSolution
		Debug|Any CPU = Debug|Any CPU
		Release|Any CPU = Release|Any CPU
	EndGlobalSection
	GlobalSection(ProjectConfigurationPlatforms) = postSolution
		{FFC74633-1D58-45A3-9BB0-DD952318FF8F}.Debug|Any CPU.ActiveCfg = Debug|Any CPU
		{FFC74633-1D58-45A3-9BB0-DD952318FF8F}.Debug|Any CPU.Build.0 = Debug|Any CPU
		{FFC74633-1D58-45A3-9BB0-DD952318FF8F}.Release|Any CPU.ActiveCfg = Release|Any CPU
		{FFC74633-1D58-45A3-9BB0-DD952318FF8F}.Release|Any CPU.Build.0 = Release|Any CPU
	EndGlobalSection
	GlobalSection(SolutionProperties) = preSolution
		HideSolutionNode = FALSE
	EndGlobalSection
	GlobalSection(ExtensibilityGlobals) = postSolution
		SolutionGuid = {023288B9-86D1-4949-942C-A8BABD5DE6D5}
	EndGlobalSection
EndGlobal
